
Microsoft Visual Studio Solution File, Format Version 12.00
# Visual Studio Version 17
VisualStudioVersion = 17.7.34221.43
MinimumVisualStudioVersion = 10.0.40219.1
Project("{D2ABAB84-BF74-430A-B69E-9DC6D40DDA17}") = "mercadopublico cubo", "mercadopublico cubo.dwproj", "{9DB029F0-E9A7-42E4-A7D0-D3A5BBFD074F}"
EndProject
Global
	GlobalSection(SolutionConfigurationPlatforms) = preSolution
		Development|Default = Development|Default
	EndGlobalSection
	GlobalSection(ProjectConfigurationPlatforms) = postSolution
		{9DB029F0-E9A7-42E4-A7D0-D3A5BBFD074F}.Development|Default.ActiveCfg = Development
		{9DB029F0-E9A7-42E4-A7D0-D3A5BBFD074F}.Development|Default.Build.0 = Development
		{9DB029F0-E9A7-42E4-A7D0-D3A5BBFD074F}.Development|Default.Deploy.0 = Development
	EndGlobalSection
	GlobalSection(SolutionProperties) = preSolution
		HideSolutionNode = FALSE
	EndGlobalSection
	GlobalSection(ExtensibilityGlobals) = postSolution
		SolutionGuid = {A0D51CD8-A869-451D-B233-130589783A82}
	EndGlobalSection
EndGlobal
